
Microsoft Visual Studio Solution File, Format Version 12.00
# Visual Studio Version 17
VisualStudioVersion = 17.4.33213.308
MinimumVisualStudioVersion = 10.0.40219.1
Project("{FAE04EC0-301F-11D3-BF4B-00C04F79EFBC}") = "TestMaximum", "TestMaximum\TestMaximum.csproj", "{9E99AFB0-6311-4120-9DB1-15443C9C9036}"
EndProject
Global
	GlobalSection(SolutionConfigurationPlatforms) = preSolution
		Debug|Any CPU = Debug|Any CPU
		Release|Any CPU = Release|Any CPU
	EndGlobalSection
	GlobalSection(ProjectConfigurationPlatforms) = postSolution
		{9E99AFB0-6311-4120-9DB1-15443C9C9036}.Debug|Any CPU.ActiveCfg = Debug|Any CPU
		{9E99AFB0-6311-4120-9DB1-15443C9C9036}.Debug|Any CPU.Build.0 = Debug|Any CPU
		{9E99AFB0-6311-4120-9DB1-15443C9C9036}.Release|Any CPU.ActiveCfg = Release|Any CPU
		{9E99AFB0-6311-4120-9DB1-15443C9C9036}.Release|Any CPU.Build.0 = Release|Any CPU
	EndGlobalSection
	GlobalSection(SolutionProperties) = preSolution
		HideSolutionNode = FALSE
	EndGlobalSection
	GlobalSection(ExtensibilityGlobals) = postSolution
		SolutionGuid = {9DFD2EA1-3BA8-47D3-B25D-6D70E4A8808C}
	EndGlobalSection
EndGlobal
